{
  "originHash" : "fa61674b149541d28625e0e7ae57b161e935bb3514dcbec2dd7ecfd6aef5a988",
  "pins" : [
    {
      "identity" : "elementary",
      "kind" : "remoteSourceControl",
      "location" : "https://github.com/elementary-swift/elementary",
      "state" : {
        "revision" : "b0ff5d1353308a1aead140dfed4ad4fcb4455008",
        "version" : "0.8.0"
      }
    },
    {
      "identity" : "elementary-ui",
      "kind" : "remoteSourceControl",
      "location" : "https://github.com/elementary-swift/elementary-ui.git",
      "state" : {
        "revision" : "4f42bc17f12a2feba7c16baef8d6ef2586123774",
        "version" : "0.6.0"
      }
    },
    {
      "identity" : "javascriptkit",
      "kind" : "remoteSourceControl",
      "location" : "https://github.com/swiftwasm/JavaScriptKit",
      "state" : {
        "revision" : "22905075f8b61834810babe5fb9a2f613f22f398",
        "version" : "0.56.1"
      }
    },
    {
      "identity" : "swift-collections",
      "kind" : "remoteSourceControl",
      "location" : "https://github.com/apple/swift-collections",
      "state" : {
        "revision" : "a0cb0954ecb21e4e31b0070e6ed5674e8556685a",
        "version" : "1.6.0"
      }
    },
    {
      "identity" : "swift-syntax",
      "kind" : "remoteSourceControl",
      "location" : "https://github.com/swiftlang/swift-syntax",
      "state" : {
        "revision" : "4799286537280063c85a32f09884cfbca301b1a1",
        "version" : "602.0.0"
      }
    }
  ],
  "version" : 3
}
