{
  "originHash" : "d7dfdce34ae50a1f4cc2d0c189b5d0af0193967599a7d8de9e9c28c16ba10925",
  "pins" : [
    {
      "identity" : "elementary",
      "kind" : "remoteSourceControl",
      "location" : "https://github.com/elementary-swift/elementary",
      "state" : {
        "revision" : "5e68104040659cc33ffa5e0d5150ecfaa60f9f79",
        "version" : "0.7.0"
      }
    },
    {
      "identity" : "elementary-ui",
      "kind" : "remoteSourceControl",
      "location" : "https://github.com/elementary-swift/elementary-ui.git",
      "state" : {
        "revision" : "7b1083a0d44398d5d84f263783ce1f7f740ea507",
        "version" : "0.1.8"
      }
    },
    {
      "identity" : "javascriptkit",
      "kind" : "remoteSourceControl",
      "location" : "https://github.com/swiftwasm/JavaScriptKit",
      "state" : {
        "revision" : "5529520b25638aa86765ab33b175289f1ab263a3",
        "version" : "0.46.5"
      }
    },
    {
      "identity" : "swift-syntax",
      "kind" : "remoteSourceControl",
      "location" : "https://github.com/swiftlang/swift-syntax",
      "state" : {
        "revision" : "4799286537280063c85a32f09884cfbca301b1a1",
        "version" : "602.0.0"
      }
    }
  ],
  "version" : 3
}
